// !$*UTF8*$!
{
	archiveVersion = 1;
	classes = {
	};
	objectVersion = 50;
	objects = {

/* Begin PBXBuildFile section */
		53AE5BE94DEAAF89E3C13AA3 /* Pods_BackPacker.framework in Frameworks */ = {isa = PBXBuildFile; fileRef = CAE5723A42485D74F2849F8E /* Pods_BackPacker.framework */; };
		CE0FF51121DFEA3900C4013C /* AppDelegate.swift in Sources */ = {isa = PBXBuildFile; fileRef = CE0FF51021DFEA3900C4013C /* AppDelegate.swift */; };
		CE0FF51621DFEA3900C4013C /* Main.storyboard in Resources */ = {isa = PBXBuildFile; fileRef = CE0FF51421DFEA3900C4013C /* Main.storyboard */; };
		CE0FF51821DFEA3900C4013C /* Assets.xcassets in Resources */ = {isa = PBXBuildFile; fileRef = CE0FF51721DFEA3900C4013C /* Assets.xcassets */; };
		CE0FF51B21DFEA3900C4013C /* LaunchScreen.storyboard in Resources */ = {isa = PBXBuildFile; fileRef = CE0FF51921DFEA3900C4013C /* LaunchScreen.storyboard */; };
		CE0FF52B21E003B700C4013C /* ListCollectionCell.swift in Sources */ = {isa = PBXBuildFile; fileRef = CE0FF52921E003B700C4013C /* ListCollectionCell.swift */; };
		CE0FF52C21E003B700C4013C /* ListCollectionCell.xib in Resources */ = {isa = PBXBuildFile; fileRef = CE0FF52A21E003B700C4013C /* ListCollectionCell.xib */; };
		CE27D9B621E08330002A0EF6 /* CurrentListVC.swift in Sources */ = {isa = PBXBuildFile; fileRef = CE27D9B521E08330002A0EF6 /* CurrentListVC.swift */; };
		CE433C1021E38B3700083D32 /* MainCollectionVC.swift in Sources */ = {isa = PBXBuildFile; fileRef = CE433C0F21E38B3700083D32 /* MainCollectionVC.swift */; };
		CE63EA7821EE7E51002C5280 /* ProgressArcView.swift in Sources */ = {isa = PBXBuildFile; fileRef = CE63EA7721EE7E51002C5280 /* ProgressArcView.swift */; };
		CE63EA7B21EE8FA9002C5280 /* Constants.swift in Sources */ = {isa = PBXBuildFile; fileRef = CE63EA7A21EE8FA9002C5280 /* Constants.swift */; };
		CEAA810E21F248D5003839F4 /* PackItemCell.swift in Sources */ = {isa = PBXBuildFile; fileRef = CEAA810C21F248D5003839F4 /* PackItemCell.swift */; };
		CEAA810F21F248D5003839F4 /* PackItemCell.xib in Resources */ = {isa = PBXBuildFile; fileRef = CEAA810D21F248D5003839F4 /* PackItemCell.xib */; };
		CEAA811221F2833B003839F4 /* CellList.swift in Sources */ = {isa = PBXBuildFile; fileRef = CEAA811121F2833B003839F4 /* CellList.swift */; };
		CEAA811421F2841E003839F4 /* ListItem.swift in Sources */ = {isa = PBXBuildFile; fileRef = CEAA811321F2841E003839F4 /* ListItem.swift */; };
		CEAA811621F2859E003839F4 /* EditListVC.swift in Sources */ = {isa = PBXBuildFile; fileRef = CEAA811521F2859E003839F4 /* EditListVC.swift */; };
		CEAA811821F29E28003839F4 /* ObjectListItem.swift in Sources */ = {isa = PBXBuildFile; fileRef = CEAA811721F29E28003839F4 /* ObjectListItem.swift */; };
		CEAA811A21F29F60003839F4 /* ConstantsItems.swift in Sources */ = {isa = PBXBuildFile; fileRef = CEAA811921F29F60003839F4 /* ConstantsItems.swift */; };
		CECC1DB521EF941200F33600 /* MainCollectionFlowLayout.swift in Sources */ = {isa = PBXBuildFile; fileRef = CECC1DB421EF941200F33600 /* MainCollectionFlowLayout.swift */; };
		CEF3D23F21E546B3008121D4 /* AddItemVC.swift in Sources */ = {isa = PBXBuildFile; fileRef = CEF3D23E21E546B3008121D4 /* AddItemVC.swift */; };
/* End PBXBuildFile section */

/* Begin PBXFileReference section */
		6683BC9DE57A21E3ED1D42D0 /* Pods-BackPacker.debug.xcconfig */ = {isa = PBXFileReference; includeInIndex = 1; lastKnownFileType = text.xcconfig; name = "Pods-BackPacker.debug.xcconfig"; path = "Target Support Files/Pods-BackPacker/Pods-BackPacker.debug.xcconfig"; sourceTree = "<group>"; };
		66A4A035DC655F1F96DA2808 /* Pods-BackPacker.release.xcconfig */ = {isa = PBXFileReference; includeInIndex = 1; lastKnownFileType = text.xcconfig; name = "Pods-BackPacker.release.xcconfig"; path = "Target Support Files/Pods-BackPacker/Pods-BackPacker.release.xcconfig"; sourceTree = "<group>"; };
		CAE5723A42485D74F2849F8E /* Pods_BackPacker.framework */ = {isa = PBXFileReference; explicitFileType = wrapper.framework; includeInIndex = 0; path = Pods_BackPacker.framework; sourceTree = BUILT_PRODUCTS_DIR; };
		CE0FF50D21DFEA3900C4013C /* BackPacker.app */ = {isa = PBXFileReference; explicitFileType = wrapper.application; includeInIndex = 0; path = BackPacker.app; sourceTree = BUILT_PRODUCTS_DIR; };
		CE0FF51021DFEA3900C4013C /* AppDelegate.swift */ = {isa = PBXFileReference; lastKnownFileType = sourcecode.swift; path = AppDelegate.swift; sourceTree = "<group>"; };
		CE0FF51521DFEA3900C4013C /* Base */ = {isa = PBXFileReference; lastKnownFileType = file.storyboard; name = Base; path = Base.lproj/Main.storyboard; sourceTree = "<group>"; };
		CE0FF51721DFEA3900C4013C /* Assets.xcassets */ = {isa = PBXFileReference; lastKnownFileType = folder.assetcatalog; path = Assets.xcassets; sourceTree = "<group>"; };
		CE0FF51A21DFEA3900C4013C /* Base */ = {isa = PBXFileReference; lastKnownFileType = file.storyboard; name = Base; path = Base.lproj/LaunchScreen.storyboard; sourceTree = "<group>"; };
		CE0FF51C21DFEA3900C4013C /* Info.plist */ = {isa = PBXFileReference; lastKnownFileType = text.plist.xml; path = Info.plist; sourceTree = "<group>"; };
		CE0FF52921E003B700C4013C /* ListCollectionCell.swift */ = {isa = PBXFileReference; lastKnownFileType = sourcecode.swift; path = ListCollectionCell.swift; sourceTree = "<group>"; };
		CE0FF52A21E003B700C4013C /* ListCollectionCell.xib */ = {isa = PBXFileReference; lastKnownFileType = file.xib; path = ListCollectionCell.xib; sourceTree = "<group>"; };
		CE27D9B521E08330002A0EF6 /* CurrentListVC.swift */ = {isa = PBXFileReference; lastKnownFileType = sourcecode.swift; path = CurrentListVC.swift; sourceTree = "<group>"; };
		CE433C0F21E38B3700083D32 /* MainCollectionVC.swift */ = {isa = PBXFileReference; lastKnownFileType = sourcecode.swift; path = MainCollectionVC.swift; sourceTree = "<group>"; };
		CE63EA7721EE7E51002C5280 /* ProgressArcView.swift */ = {isa = PBXFileReference; lastKnownFileType = sourcecode.swift; path = ProgressArcView.swift; sourceTree = "<group>"; };
		CE63EA7A21EE8FA9002C5280 /* Constants.swift */ = {isa = PBXFileReference; lastKnownFileType = sourcecode.swift; path = Constants.swift; sourceTree = "<group>"; };
		CEAA810C21F248D5003839F4 /* PackItemCell.swift */ = {isa = PBXFileReference; lastKnownFileType = sourcecode.swift; path = PackItemCell.swift; sourceTree = "<group>"; };
		CEAA810D21F248D5003839F4 /* PackItemCell.xib */ = {isa = PBXFileReference; lastKnownFileType = file.xib; path = PackItemCell.xib; sourceTree = "<group>"; };
		CEAA811121F2833B003839F4 /* CellList.swift */ = {isa = PBXFileReference; lastKnownFileType = sourcecode.swift; path = CellList.swift; sourceTree = "<group>"; };
		CEAA811321F2841E003839F4 /* ListItem.swift */ = {isa = PBXFileReference; lastKnownFileType = sourcecode.swift; path = ListItem.swift; sourceTree = "<group>"; };
		CEAA811521F2859E003839F4 /* EditListVC.swift */ = {isa = PBXFileReference; lastKnownFileType = sourcecode.swift; path = EditListVC.swift; sourceTree = "<group>"; };
		CEAA811721F29E28003839F4 /* ObjectListItem.swift */ = {isa = PBXFileReference; lastKnownFileType = sourcecode.swift; path = ObjectListItem.swift; sourceTree = "<group>"; };
		CEAA811921F29F60003839F4 /* ConstantsItems.swift */ = {isa = PBXFileReference; lastKnownFileType = sourcecode.swift; path = ConstantsItems.swift; sourceTree = "<group>"; };
		CECC1DB421EF941200F33600 /* MainCollectionFlowLayout.swift */ = {isa = PBXFileReference; lastKnownFileType = sourcecode.swift; path = MainCollectionFlowLayout.swift; sourceTree = "<group>"; };
		CEF3D23E21E546B3008121D4 /* AddItemVC.swift */ = {isa = PBXFileReference; lastKnownFileType = sourcecode.swift; path = AddItemVC.swift; sourceTree = "<group>"; };
/* End PBXFileReference section */

/* Begin PBXFrameworksBuildPhase section */
		CE0FF50A21DFEA3900C4013C /* Frameworks */ = {
			isa = PBXFrameworksBuildPhase;
			buildActionMask = 2147483647;
			files = (
				53AE5BE94DEAAF89E3C13AA3 /* Pods_BackPacker.framework in Frameworks */,
			);
			runOnlyForDeploymentPostprocessing = 0;
		};
/* End PBXFrameworksBuildPhase section */

/* Begin PBXGroup section */
		364D6107BEB60481125265BC /* Frameworks */ = {
			isa = PBXGroup;
			children = (
				CAE5723A42485D74F2849F8E /* Pods_BackPacker.framework */,
			);
			name = Frameworks;
			sourceTree = "<group>";
		};
		CE0FF50421DFEA3800C4013C = {
			isa = PBXGroup;
			children = (
				CE0FF50F21DFEA3900C4013C /* BackPacker */,
				CE0FF50E21DFEA3900C4013C /* Products */,
				D70159B4D8C255F327CCF326 /* Pods */,
				364D6107BEB60481125265BC /* Frameworks */,
			);
			sourceTree = "<group>";
		};
		CE0FF50E21DFEA3900C4013C /* Products */ = {
			isa = PBXGroup;
			children = (
				CE0FF50D21DFEA3900C4013C /* BackPacker.app */,
			);
			name = Products;
			sourceTree = "<group>";
		};
		CE0FF50F21DFEA3900C4013C /* BackPacker */ = {
			isa = PBXGroup;
			children = (
				CEAA811021F28322003839F4 /* models */,
				CE63EA7921EE8F8F002C5280 /* utils */,
				CE27D9B421E082ED002A0EF6 /* controllers */,
				CE0FF52421DFF17700C4013C /* views */,
				CE0FF51C21DFEA3900C4013C /* Info.plist */,
				CE0FF51021DFEA3900C4013C /* AppDelegate.swift */,
				CE0FF51721DFEA3900C4013C /* Assets.xcassets */,
				CE0FF51921DFEA3900C4013C /* LaunchScreen.storyboard */,
				CE0FF51421DFEA3900C4013C /* Main.storyboard */,
			);
			path = BackPacker;
			sourceTree = "<group>";
		};
		CE0FF52421DFF17700C4013C /* views */ = {
			isa = PBXGroup;
			children = (
				CE0FF52921E003B700C4013C /* ListCollectionCell.swift */,
				CE0FF52A21E003B700C4013C /* ListCollectionCell.xib */,
				CE63EA7721EE7E51002C5280 /* ProgressArcView.swift */,
				CECC1DB421EF941200F33600 /* MainCollectionFlowLayout.swift */,
				CEAA810C21F248D5003839F4 /* PackItemCell.swift */,
				CEAA810D21F248D5003839F4 /* PackItemCell.xib */,
			);
			path = views;
			sourceTree = "<group>";
		};
		CE27D9B421E082ED002A0EF6 /* controllers */ = {
			isa = PBXGroup;
			children = (
				CE27D9B521E08330002A0EF6 /* CurrentListVC.swift */,
				CE433C0F21E38B3700083D32 /* MainCollectionVC.swift */,
				CEF3D23E21E546B3008121D4 /* AddItemVC.swift */,
				CEAA811521F2859E003839F4 /* EditListVC.swift */,
			);
			path = controllers;
			sourceTree = "<group>";
		};
		CE63EA7921EE8F8F002C5280 /* utils */ = {
			isa = PBXGroup;
			children = (
				CE63EA7A21EE8FA9002C5280 /* Constants.swift */,
				CEAA811921F29F60003839F4 /* ConstantsItems.swift */,
			);
			path = utils;
			sourceTree = "<group>";
		};
		CEAA811021F28322003839F4 /* models */ = {
			isa = PBXGroup;
			children = (
				CEAA811121F2833B003839F4 /* CellList.swift */,
				CEAA811321F2841E003839F4 /* ListItem.swift */,
				CEAA811721F29E28003839F4 /* ObjectListItem.swift */,
			);
			path = models;
			sourceTree = "<group>";
		};
		D70159B4D8C255F327CCF326 /* Pods */ = {
			isa = PBXGroup;
			children = (
				6683BC9DE57A21E3ED1D42D0 /* Pods-BackPacker.debug.xcconfig */,
				66A4A035DC655F1F96DA2808 /* Pods-BackPacker.release.xcconfig */,
			);
			path = Pods;
			sourceTree = "<group>";
		};
/* End PBXGroup section */

/* Begin PBXNativeTarget section */
		CE0FF50C21DFEA3900C4013C /* BackPacker */ = {
			isa = PBXNativeTarget;
			buildConfigurationList = CE0FF51F21DFEA3900C4013C /* Build configuration list for PBXNativeTarget "BackPacker" */;
			buildPhases = (
				068ABC687E7AE36222E26AD5 /* [CP] Check Pods Manifest.lock */,
				CE0FF50921DFEA3900C4013C /* Sources */,
				CE0FF50A21DFEA3900C4013C /* Frameworks */,
				CE0FF50B21DFEA3900C4013C /* Resources */,
				CF04DE4E74424F4B4FD84019 /* [CP] Embed Pods Frameworks */,
			);
			buildRules = (
			);
			dependencies = (
			);
			name = BackPacker;
			productName = BackPacker;
			productReference = CE0FF50D21DFEA3900C4013C /* BackPacker.app */;
			productType = "com.apple.product-type.application";
		};
/* End PBXNativeTarget section */

/* Begin PBXProject section */
		CE0FF50521DFEA3800C4013C /* Project object */ = {
			isa = PBXProject;
			attributes = {
				LastSwiftUpdateCheck = 1010;
				LastUpgradeCheck = 1010;
				ORGANIZATIONNAME = Gabets;
				TargetAttributes = {
					CE0FF50C21DFEA3900C4013C = {
						CreatedOnToolsVersion = 10.1;
					};
				};
			};
			buildConfigurationList = CE0FF50821DFEA3800C4013C /* Build configuration list for PBXProject "BackPacker" */;
			compatibilityVersion = "Xcode 9.3";
			developmentRegion = en;
			hasScannedForEncodings = 0;
			knownRegions = (
				en,
				Base,
			);
			mainGroup = CE0FF50421DFEA3800C4013C;
			productRefGroup = CE0FF50E21DFEA3900C4013C /* Products */;
			projectDirPath = "";
			projectRoot = "";
			targets = (
				CE0FF50C21DFEA3900C4013C /* BackPacker */,
			);
		};
/* End PBXProject section */

/* Begin PBXResourcesBuildPhase section */
		CE0FF50B21DFEA3900C4013C /* Resources */ = {
			isa = PBXResourcesBuildPhase;
			buildActionMask = 2147483647;
			files = (
				CE0FF51B21DFEA3900C4013C /* LaunchScreen.storyboard in Resources */,
				CE0FF51821DFEA3900C4013C /* Assets.xcassets in Resources */,
				CE0FF51621DFEA3900C4013C /* Main.storyboard in Resources */,
				CE0FF52C21E003B700C4013C /* ListCollectionCell.xib in Resources */,
				CEAA810F21F248D5003839F4 /* PackItemCell.xib in Resources */,
			);
			runOnlyForDeploymentPostprocessing = 0;
		};
/* End PBXResourcesBuildPhase section */

/* Begin PBXShellScriptBuildPhase section */
		068ABC687E7AE36222E26AD5 /* [CP] Check Pods Manifest.lock */ = {
			isa = PBXShellScriptBuildPhase;
			buildActionMask = 2147483647;
			files = (
			);
			inputFileListPaths = (
			);
			inputPaths = (
				"${PODS_PODFILE_DIR_PATH}/Podfile.lock",
				"${PODS_ROOT}/Manifest.lock",
			);
			name = "[CP] Check Pods Manifest.lock";
			outputFileListPaths = (
			);
			outputPaths = (
				"$(DERIVED_FILE_DIR)/Pods-BackPacker-checkManifestLockResult.txt",
			);
			runOnlyForDeploymentPostprocessing = 0;
			shellPath = /bin/sh;
			shellScript = "diff \"${PODS_PODFILE_DIR_PATH}/Podfile.lock\" \"${PODS_ROOT}/Manifest.lock\" > /dev/null\nif [ $? != 0 ] ; then\n    # print error to STDERR\n    echo \"error: The sandbox is not in sync with the Podfile.lock. Run 'pod install' or update your CocoaPods installation.\" >&2\n    exit 1\nfi\n# This output is used by Xcode 'outputs' to avoid re-running this script phase.\necho \"SUCCESS\" > \"${SCRIPT_OUTPUT_FILE_0}\"\n";
			showEnvVarsInLog = 0;
		};
		CF04DE4E74424F4B4FD84019 /* [CP] Embed Pods Frameworks */ = {
			isa = PBXShellScriptBuildPhase;
			buildActionMask = 2147483647;
			files = (
			);
			inputFileListPaths = (
			);
			inputPaths = (
				"${PODS_ROOT}/Target Support Files/Pods-BackPacker/Pods-BackPacker-frameworks.sh",
				"${BUILT_PRODUCTS_DIR}/Realm/Realm.framework",
				"${BUILT_PRODUCTS_DIR}/RealmSwift/RealmSwift.framework",
				"${BUILT_PRODUCTS_DIR}/SwipeCellKit/SwipeCellKit.framework",
			);
			name = "[CP] Embed Pods Frameworks";
			outputFileListPaths = (
			);
			outputPaths = (
				"${TARGET_BUILD_DIR}/${FRAMEWORKS_FOLDER_PATH}/Realm.framework",
				"${TARGET_BUILD_DIR}/${FRAMEWORKS_FOLDER_PATH}/RealmSwift.framework",
				"${TARGET_BUILD_DIR}/${FRAMEWORKS_FOLDER_PATH}/SwipeCellKit.framework",
			);
			runOnlyForDeploymentPostprocessing = 0;
			shellPath = /bin/sh;
			shellScript = "\"${PODS_ROOT}/Target Support Files/Pods-BackPacker/Pods-BackPacker-frameworks.sh\"\n";
			showEnvVarsInLog = 0;
		};
/* End PBXShellScriptBuildPhase section */

/* Begin PBXSourcesBuildPhase section */
		CE0FF50921DFEA3900C4013C /* Sources */ = {
			isa = PBXSourcesBuildPhase;
			buildActionMask = 2147483647;
			files = (
				CECC1DB521EF941200F33600 /* MainCollectionFlowLayout.swift in Sources */,
				CE63EA7821EE7E51002C5280 /* ProgressArcView.swift in Sources */,
				CEAA811621F2859E003839F4 /* EditListVC.swift in Sources */,
				CEAA810E21F248D5003839F4 /* PackItemCell.swift in Sources */,
				CEAA811A21F29F60003839F4 /* ConstantsItems.swift in Sources */,
				CEAA811821F29E28003839F4 /* ObjectListItem.swift in Sources */,
				CEF3D23F21E546B3008121D4 /* AddItemVC.swift in Sources */,
				CEAA811421F2841E003839F4 /* ListItem.swift in Sources */,
				CE0FF51121DFEA3900C4013C /* AppDelegate.swift in Sources */,
				CE0FF52B21E003B700C4013C /* ListCollectionCell.swift in Sources */,
				CE63EA7B21EE8FA9002C5280 /* Constants.swift in Sources */,
				CE433C1021E38B3700083D32 /* MainCollectionVC.swift in Sources */,
				CE27D9B621E08330002A0EF6 /* CurrentListVC.swift in Sources */,
				CEAA811221F2833B003839F4 /* CellList.swift in Sources */,
			);
			runOnlyForDeploymentPostprocessing = 0;
		};
/* End PBXSourcesBuildPhase section */

/* Begin PBXVariantGroup section */
		CE0FF51421DFEA3900C4013C /* Main.storyboard */ = {
			isa = PBXVariantGroup;
			children = (
				CE0FF51521DFEA3900C4013C /* Base */,
			);
			name = Main.storyboard;
			sourceTree = "<group>";
		};
		CE0FF51921DFEA3900C4013C /* LaunchScreen.storyboard */ = {
			isa = PBXVariantGroup;
			children = (
				CE0FF51A21DFEA3900C4013C /* Base */,
			);
			name = LaunchScreen.storyboard;
			sourceTree = "<group>";
		};
/* End PBXVariantGroup section */

/* Begin XCBuildConfiguration section */
		CE0FF51D21DFEA3900C4013C /* Debug */ = {
			isa = XCBuildConfiguration;
			buildSettings = {
				ALWAYS_SEARCH_USER_PATHS = NO;
				CLANG_ANALYZER_NONNULL = YES;
				CLANG_ANALYZER_NUMBER_OBJECT_CONVERSION = YES_AGGRESSIVE;
				CLANG_CXX_LANGUAGE_STANDARD = "gnu++14";
				CLANG_CXX_LIBRARY = "libc++";
				CLANG_ENABLE_MODULES = YES;
				CLANG_ENABLE_OBJC_ARC = YES;
				CLANG_ENABLE_OBJC_WEAK = YES;
				CLANG_WARN_BLOCK_CAPTURE_AUTORELEASING = YES;
				CLANG_WARN_BOOL_CONVERSION = YES;
				CLANG_WARN_COMMA = YES;
				CLANG_WARN_CONSTANT_CONVERSION = YES;
				CLANG_WARN_DEPRECATED_OBJC_IMPLEMENTATIONS = YES;
				CLANG_WARN_DIRECT_OBJC_ISA_USAGE = YES_ERROR;
				CLANG_WARN_DOCUMENTATION_COMMENTS = YES;
				CLANG_WARN_EMPTY_BODY = YES;
				CLANG_WARN_ENUM_CONVERSION = YES;
				CLANG_WARN_INFINITE_RECURSION = YES;
				CLANG_WARN_INT_CONVERSION = YES;
				CLANG_WARN_NON_LITERAL_NULL_CONVERSION = YES;
				CLANG_WARN_OBJC_IMPLICIT_RETAIN_SELF = YES;
				CLANG_WARN_OBJC_LITERAL_CONVERSION = YES;
				CLANG_WARN_OBJC_ROOT_CLASS = YES_ERROR;
				CLANG_WARN_RANGE_LOOP_ANALYSIS = YES;
				CLANG_WARN_STRICT_PROTOTYPES = YES;
				CLANG_WARN_SUSPICIOUS_MOVE = YES;
				CLANG_WARN_UNGUARDED_AVAILABILITY = YES_AGGRESSIVE;
				CLANG_WARN_UNREACHABLE_CODE = YES;
				CLANG_WARN__DUPLICATE_METHOD_MATCH = YES;
				CODE_SIGN_IDENTITY = "iPhone Developer";
				COPY_PHASE_STRIP = NO;
				DEBUG_INFORMATION_FORMAT = dwarf;
				ENABLE_STRICT_OBJC_MSGSEND = YES;
				ENABLE_TESTABILITY = YES;
				GCC_C_LANGUAGE_STANDARD = gnu11;
				GCC_DYNAMIC_NO_PIC = NO;
				GCC_NO_COMMON_BLOCKS = YES;
				GCC_OPTIMIZATION_LEVEL = 0;
				GCC_PREPROCESSOR_DEFINITIONS = (
					"DEBUG=1",
					"$(inherited)",
				);
				GCC_WARN_64_TO_32_BIT_CONVERSION = YES;
				GCC_WARN_ABOUT_RETURN_TYPE = YES_ERROR;
				GCC_WARN_UNDECLARED_SELECTOR = YES;
				GCC_WARN_UNINITIALIZED_AUTOS = YES_AGGRESSIVE;
				GCC_WARN_UNUSED_FUNCTION = YES;
				GCC_WARN_UNUSED_VARIABLE = YES;
				IPHONEOS_DEPLOYMENT_TARGET = 12.1;
				MTL_ENABLE_DEBUG_INFO = INCLUDE_SOURCE;
				MTL_FAST_MATH = YES;
				ONLY_ACTIVE_ARCH = YES;
				SDKROOT = iphoneos;
				SWIFT_ACTIVE_COMPILATION_CONDITIONS = DEBUG;
				SWIFT_OPTIMIZATION_LEVEL = "-Onone";
			};
			name = Debug;
		};
		CE0FF51E21DFEA3900C4013C /* Release */ = {
			isa = XCBuildConfiguration;
			buildSettings = {
				ALWAYS_SEARCH_USER_PATHS = NO;
				CLANG_ANALYZER_NONNULL = YES;
				CLANG_ANALYZER_NUMBER_OBJECT_CONVERSION = YES_AGGRESSIVE;
				CLANG_CXX_LANGUAGE_STANDARD = "gnu++14";
				CLANG_CXX_LIBRARY = "libc++";
				CLANG_ENABLE_MODULES = YES;
				CLANG_ENABLE_OBJC_ARC = YES;
				CLANG_ENABLE_OBJC_WEAK = YES;
				CLANG_WARN_BLOCK_CAPTURE_AUTORELEASING = YES;
				CLANG_WARN_BOOL_CONVERSION = YES;
				CLANG_WARN_COMMA = YES;
				CLANG_WARN_CONSTANT_CONVERSION = YES;
				CLANG_WARN_DEPRECATED_OBJC_IMPLEMENTATIONS = YES;
				CLANG_WARN_DIRECT_OBJC_ISA_USAGE = YES_ERROR;
				CLANG_WARN_DOCUMENTATION_COMMENTS = YES;
				CLANG_WARN_EMPTY_BODY = YES;
				CLANG_WARN_ENUM_CONVERSION = YES;
				CLANG_WARN_INFINITE_RECURSION = YES;
				CLANG_WARN_INT_CONVERSION = YES;
				CLANG_WARN_NON_LITERAL_NULL_CONVERSION = YES;
				CLANG_WARN_OBJC_IMPLICIT_RETAIN_SELF = YES;
				CLANG_WARN_OBJC_LITERAL_CONVERSION = YES;
				CLANG_WARN_OBJC_ROOT_CLASS = YES_ERROR;
				CLANG_WARN_RANGE_LOOP_ANALYSIS = YES;
				CLANG_WARN_STRICT_PROTOTYPES = YES;
				CLANG_WARN_SUSPICIOUS_MOVE = YES;
				CLANG_WARN_UNGUARDED_AVAILABILITY = YES_AGGRESSIVE;
				CLANG_WARN_UNREACHABLE_CODE = YES;
				CLANG_WARN__DUPLICATE_METHOD_MATCH = YES;
				CODE_SIGN_IDENTITY = "iPhone Developer";
				COPY_PHASE_STRIP = NO;
				DEBUG_INFORMATION_FORMAT = "dwarf-with-dsym";
				ENABLE_NS_ASSERTIONS = NO;
				ENABLE_STRICT_OBJC_MSGSEND = YES;
				GCC_C_LANGUAGE_STANDARD = gnu11;
				GCC_NO_COMMON_BLOCKS = YES;
				GCC_WARN_64_TO_32_BIT_CONVERSION = YES;
				GCC_WARN_ABOUT_RETURN_TYPE = YES_ERROR;
				GCC_WARN_UNDECLARED_SELECTOR = YES;
				GCC_WARN_UNINITIALIZED_AUTOS = YES_AGGRESSIVE;
				GCC_WARN_UNUSED_FUNCTION = YES;
				GCC_WARN_UNUSED_VARIABLE = YES;
				IPHONEOS_DEPLOYMENT_TARGET = 12.1;
				MTL_ENABLE_DEBUG_INFO = NO;
				MTL_FAST_MATH = YES;
				SDKROOT = iphoneos;
				SWIFT_COMPILATION_MODE = wholemodule;
				SWIFT_OPTIMIZATION_LEVEL = "-O";
				VALIDATE_PRODUCT = YES;
			};
			name = Release;
		};
		CE0FF52021DFEA3900C4013C /* Debug */ = {
			isa = XCBuildConfiguration;
			baseConfigurationReference = 6683BC9DE57A21E3ED1D42D0 /* Pods-BackPacker.debug.xcconfig */;
			buildSettings = {
				ASSETCATALOG_COMPILER_APPICON_NAME = AppIcon;
				CODE_SIGN_IDENTITY = "iPhone Developer";
				CODE_SIGN_STYLE = Automatic;
				DEVELOPMENT_TEAM = ALFVX5FGL7;
				INFOPLIST_FILE = BackPacker/Info.plist;
				IPHONEOS_DEPLOYMENT_TARGET = 12.1;
				LD_RUNPATH_SEARCH_PATHS = (
					"$(inherited)",
					"@executable_path/Frameworks",
				);
				PRODUCT_BUNDLE_IDENTIFIER = by.gabets.BackPacker;
				PRODUCT_NAME = "$(TARGET_NAME)";
				PROVISIONING_PROFILE_SPECIFIER = "";
				SWIFT_VERSION = 4.2;
				TARGETED_DEVICE_FAMILY = "1,2";
			};
			name = Debug;
		};
		CE0FF52121DFEA3900C4013C /* Release */ = {
			isa = XCBuildConfiguration;
			baseConfigurationReference = 66A4A035DC655F1F96DA2808 /* Pods-BackPacker.release.xcconfig */;
			buildSettings = {
				ASSETCATALOG_COMPILER_APPICON_NAME = AppIcon;
				CODE_SIGN_IDENTITY = "iPhone Developer";
				CODE_SIGN_STYLE = Automatic;
				DEVELOPMENT_TEAM = ALFVX5FGL7;
				INFOPLIST_FILE = BackPacker/Info.plist;
				IPHONEOS_DEPLOYMENT_TARGET = 12.1;
				LD_RUNPATH_SEARCH_PATHS = (
					"$(inherited)",
					"@executable_path/Frameworks",
				);
				PRODUCT_BUNDLE_IDENTIFIER = by.gabets.BackPacker;
				PRODUCT_NAME = "$(TARGET_NAME)";
				PROVISIONING_PROFILE_SPECIFIER = "";
				SWIFT_VERSION = 4.2;
				TARGETED_DEVICE_FAMILY = "1,2";
			};
			name = Release;
		};
/* End XCBuildConfiguration section */

/* Begin XCConfigurationList section */
		CE0FF50821DFEA3800C4013C /* Build configuration list for PBXProject "BackPacker" */ = {
			isa = XCConfigurationList;
			buildConfigurations = (
				CE0FF51D21DFEA3900C4013C /* Debug */,
				CE0FF51E21DFEA3900C4013C /* Release */,
			);
			defaultConfigurationIsVisible = 0;
			defaultConfigurationName = Release;
		};
		CE0FF51F21DFEA3900C4013C /* Build configuration list for PBXNativeTarget "BackPacker" */ = {
			isa = XCConfigurationList;
			buildConfigurations = (
				CE0FF52021DFEA3900C4013C /* Debug */,
				CE0FF52121DFEA3900C4013C /* Release */,
			);
			defaultConfigurationIsVisible = 0;
			defaultConfigurationName = Release;
		};
/* End XCConfigurationList section */
	};
	rootObject = CE0FF50521DFEA3800C4013C /* Project object */;
}
